# This file is automatically @generated by Cargo.
# It is not intended for manual editing.
[[package]]
name = "input-stream"
version = "0.4.0"
source = "registry+https://github.com/rust-lang/crates.io-index"
checksum = "f7fbf0d9dfcfb4b5888a4aa08bc6f45eefa3a936a0a2b07a69aa0c0e1a6c4fcc"

[[package]]
name = "istream"
version = "0.1.0"
dependencies = [
 "input-stream",
]
